
Microsoft Visual Studio Solution File, Format Version 12.00
# Visual Studio Version 16
VisualStudioVersion = 16.0.30128.74
MinimumVisualStudioVersion = 10.0.40219.1
Project("{FAE04EC0-301F-11D3-BF4B-00C04F79EFBC}") = "ControleDeEstoque.Web", "ControleDeEstoque.Web\ControleDeEstoque.Web.csproj", "{F6A14DE5-7269-4146-AD7F-A64292FF25A5}"
EndProject
Global
	GlobalSection(SolutionConfigurationPlatforms) = preSolution
		Debug|Any CPU = Debug|Any CPU
		Release|Any CPU = Release|Any CPU
	EndGlobalSection
	GlobalSection(ProjectConfigurationPlatforms) = postSolution
		{F6A14DE5-7269-4146-AD7F-A64292FF25A5}.Debug|Any CPU.ActiveCfg = Debug|Any CPU
		{F6A14DE5-7269-4146-AD7F-A64292FF25A5}.Debug|Any CPU.Build.0 = Debug|Any CPU
		{F6A14DE5-7269-4146-AD7F-A64292FF25A5}.Release|Any CPU.ActiveCfg = Release|Any CPU
		{F6A14DE5-7269-4146-AD7F-A64292FF25A5}.Release|Any CPU.Build.0 = Release|Any CPU
	EndGlobalSection
	GlobalSection(SolutionProperties) = preSolution
		HideSolutionNode = FALSE
	EndGlobalSection
	GlobalSection(ExtensibilityGlobals) = postSolution
		SolutionGuid = {AC96F9D9-0EF3-4790-B102-CBF0F56648F0}
	EndGlobalSection
EndGlobal
